
Microsoft Visual Studio Solution File, Format Version 12.00
# Visual Studio Version 16
VisualStudioVersion = 16.0.35325.158
MinimumVisualStudioVersion = 10.0.40219.1
Project("{FAE04EC0-301F-11D3-BF4B-00C04F79EFBC}") = "RemoteClient", "RemoteClient\RemoteClient.csproj", "{F2AE72B9-19B7-4E98-A931-EF03A14AF3B9}"
EndProject
Global
	GlobalSection(SolutionConfigurationPlatforms) = preSolution
		Debug|Any CPU = Debug|Any CPU
		Release|Any CPU = Release|Any CPU
	EndGlobalSection
	GlobalSection(ProjectConfigurationPlatforms) = postSolution
		{F2AE72B9-19B7-4E98-A931-EF03A14AF3B9}.Debug|Any CPU.ActiveCfg = Debug|Any CPU
		{F2AE72B9-19B7-4E98-A931-EF03A14AF3B9}.Debug|Any CPU.Build.0 = Debug|Any CPU
		{F2AE72B9-19B7-4E98-A931-EF03A14AF3B9}.Release|Any CPU.ActiveCfg = Release|Any CPU
		{F2AE72B9-19B7-4E98-A931-EF03A14AF3B9}.Release|Any CPU.Build.0 = Release|Any CPU
	EndGlobalSection
	GlobalSection(SolutionProperties) = preSolution
		HideSolutionNode = FALSE
	EndGlobalSection
	GlobalSection(ExtensibilityGlobals) = postSolution
		SolutionGuid = {B021C815-9DC8-457D-84C3-19A6E91E608E}
	EndGlobalSection
EndGlobal
