
Microsoft Visual Studio Solution File, Format Version 12.00
# Visual Studio Version 17
VisualStudioVersion = 17.11.35327.3
MinimumVisualStudioVersion = 10.0.40219.1
Project("{FAE04EC0-301F-11D3-BF4B-00C04F79EFBC}") = "Assignment4", "Assignment4\Assignment4.csproj", "{9A03F8C3-5310-4F60-BDCB-0352460902BF}"
EndProject
Global
	GlobalSection(SolutionConfigurationPlatforms) = preSolution
		Debug|Any CPU = Debug|Any CPU
		Release|Any CPU = Release|Any CPU
	EndGlobalSection
	GlobalSection(ProjectConfigurationPlatforms) = postSolution
		{9A03F8C3-5310-4F60-BDCB-0352460902BF}.Debug|Any CPU.ActiveCfg = Debug|Any CPU
		{9A03F8C3-5310-4F60-BDCB-0352460902BF}.Debug|Any CPU.Build.0 = Debug|Any CPU
		{9A03F8C3-5310-4F60-BDCB-0352460902BF}.Release|Any CPU.ActiveCfg = Release|Any CPU
		{9A03F8C3-5310-4F60-BDCB-0352460902BF}.Release|Any CPU.Build.0 = Release|Any CPU
	EndGlobalSection
	GlobalSection(SolutionProperties) = preSolution
		HideSolutionNode = FALSE
	EndGlobalSection
	GlobalSection(ExtensibilityGlobals) = postSolution
		SolutionGuid = {2A2BF10B-AF3D-48AC-BDE3-983B3BAF5F51}
	EndGlobalSection
EndGlobal
