
Microsoft Visual Studio Solution File, Format Version 12.00
# Visual Studio Version 16
VisualStudioVersion = 16.0.35325.158
MinimumVisualStudioVersion = 10.0.40219.1
Project("{FAE04EC0-301F-11D3-BF4B-00C04F79EFBC}") = "FileCheck", "FileCheck\FileCheck.csproj", "{EB63E5CE-7098-44A5-92CE-FE7F1402E961}"
EndProject
Global
	GlobalSection(SolutionConfigurationPlatforms) = preSolution
		Debug|Any CPU = Debug|Any CPU
		Release|Any CPU = Release|Any CPU
	EndGlobalSection
	GlobalSection(ProjectConfigurationPlatforms) = postSolution
		{EB63E5CE-7098-44A5-92CE-FE7F1402E961}.Debug|Any CPU.ActiveCfg = Debug|Any CPU
		{EB63E5CE-7098-44A5-92CE-FE7F1402E961}.Debug|Any CPU.Build.0 = Debug|Any CPU
		{EB63E5CE-7098-44A5-92CE-FE7F1402E961}.Release|Any CPU.ActiveCfg = Release|Any CPU
		{EB63E5CE-7098-44A5-92CE-FE7F1402E961}.Release|Any CPU.Build.0 = Release|Any CPU
	EndGlobalSection
	GlobalSection(SolutionProperties) = preSolution
		HideSolutionNode = FALSE
	EndGlobalSection
	GlobalSection(ExtensibilityGlobals) = postSolution
		SolutionGuid = {ADBEC6B5-F6C2-4975-93C2-2A3CE7A3ADE3}
	EndGlobalSection
EndGlobal
