
Microsoft Visual Studio Solution File, Format Version 12.00
# Visual Studio Version 16
VisualStudioVersion = 16.0.35325.158
MinimumVisualStudioVersion = 10.0.40219.1
Project("{FAE04EC0-301F-11D3-BF4B-00C04F79EFBC}") = "BuildingDataSets", "BuildingDataSets\BuildingDataSets.csproj", "{A61DFFD3-5CA0-4DA6-A3F4-9C5E94A90A18}"
EndProject
Global
	GlobalSection(SolutionConfigurationPlatforms) = preSolution
		Debug|Any CPU = Debug|Any CPU
		Release|Any CPU = Release|Any CPU
	EndGlobalSection
	GlobalSection(ProjectConfigurationPlatforms) = postSolution
		{A61DFFD3-5CA0-4DA6-A3F4-9C5E94A90A18}.Debug|Any CPU.ActiveCfg = Debug|Any CPU
		{A61DFFD3-5CA0-4DA6-A3F4-9C5E94A90A18}.Debug|Any CPU.Build.0 = Debug|Any CPU
		{A61DFFD3-5CA0-4DA6-A3F4-9C5E94A90A18}.Release|Any CPU.ActiveCfg = Release|Any CPU
		{A61DFFD3-5CA0-4DA6-A3F4-9C5E94A90A18}.Release|Any CPU.Build.0 = Release|Any CPU
	EndGlobalSection
	GlobalSection(SolutionProperties) = preSolution
		HideSolutionNode = FALSE
	EndGlobalSection
	GlobalSection(ExtensibilityGlobals) = postSolution
		SolutionGuid = {E7EC2179-42F0-408A-8AC6-7FA6CB3FBD99}
	EndGlobalSection
EndGlobal
