
Microsoft Visual Studio Solution File, Format Version 12.00
# Visual Studio Version 16
VisualStudioVersion = 16.0.35325.158
MinimumVisualStudioVersion = 10.0.40219.1
Project("{FAE04EC0-301F-11D3-BF4B-00C04F79EFBC}") = "MailSender", "MailSender\MailSender.csproj", "{EA080031-C158-4C56-8CEA-F9A02874FBF5}"
EndProject
Global
	GlobalSection(SolutionConfigurationPlatforms) = preSolution
		Debug|Any CPU = Debug|Any CPU
		Release|Any CPU = Release|Any CPU
	EndGlobalSection
	GlobalSection(ProjectConfigurationPlatforms) = postSolution
		{EA080031-C158-4C56-8CEA-F9A02874FBF5}.Debug|Any CPU.ActiveCfg = Debug|Any CPU
		{EA080031-C158-4C56-8CEA-F9A02874FBF5}.Debug|Any CPU.Build.0 = Debug|Any CPU
		{EA080031-C158-4C56-8CEA-F9A02874FBF5}.Release|Any CPU.ActiveCfg = Release|Any CPU
		{EA080031-C158-4C56-8CEA-F9A02874FBF5}.Release|Any CPU.Build.0 = Release|Any CPU
	EndGlobalSection
	GlobalSection(SolutionProperties) = preSolution
		HideSolutionNode = FALSE
	EndGlobalSection
	GlobalSection(ExtensibilityGlobals) = postSolution
		SolutionGuid = {C38B6995-C50B-49BC-AD37-0EA88C2068E0}
	EndGlobalSection
EndGlobal
