
Microsoft Visual Studio Solution File, Format Version 12.00
# Visual Studio Version 16
VisualStudioVersion = 16.0.35325.158
MinimumVisualStudioVersion = 10.0.40219.1
Project("{FAE04EC0-301F-11D3-BF4B-00C04F79EFBC}") = "Furniture", "Furniture\Furniture.csproj", "{26F81C78-E501-43AC-9D66-CA6F5969EC9B}"
EndProject
Global
	GlobalSection(SolutionConfigurationPlatforms) = preSolution
		Debug|Any CPU = Debug|Any CPU
		Release|Any CPU = Release|Any CPU
	EndGlobalSection
	GlobalSection(ProjectConfigurationPlatforms) = postSolution
		{26F81C78-E501-43AC-9D66-CA6F5969EC9B}.Debug|Any CPU.ActiveCfg = Debug|Any CPU
		{26F81C78-E501-43AC-9D66-CA6F5969EC9B}.Debug|Any CPU.Build.0 = Debug|Any CPU
		{26F81C78-E501-43AC-9D66-CA6F5969EC9B}.Release|Any CPU.ActiveCfg = Release|Any CPU
		{26F81C78-E501-43AC-9D66-CA6F5969EC9B}.Release|Any CPU.Build.0 = Release|Any CPU
	EndGlobalSection
	GlobalSection(SolutionProperties) = preSolution
		HideSolutionNode = FALSE
	EndGlobalSection
	GlobalSection(ExtensibilityGlobals) = postSolution
		SolutionGuid = {FCA9AFF6-BDA8-4229-B229-69E881D411A2}
	EndGlobalSection
EndGlobal
