
Microsoft Visual Studio Solution File, Format Version 12.00
# Visual Studio Version 16
VisualStudioVersion = 16.0.35325.158
MinimumVisualStudioVersion = 10.0.40219.1
Project("{FAE04EC0-301F-11D3-BF4B-00C04F79EFBC}") = "FactoryPdf", "FactoryPdf\FactoryPdf.csproj", "{5B8B82A6-6B16-49E4-914C-A402AE19C370}"
EndProject
Global
	GlobalSection(SolutionConfigurationPlatforms) = preSolution
		Debug|Any CPU = Debug|Any CPU
		Release|Any CPU = Release|Any CPU
	EndGlobalSection
	GlobalSection(ProjectConfigurationPlatforms) = postSolution
		{5B8B82A6-6B16-49E4-914C-A402AE19C370}.Debug|Any CPU.ActiveCfg = Debug|Any CPU
		{5B8B82A6-6B16-49E4-914C-A402AE19C370}.Debug|Any CPU.Build.0 = Debug|Any CPU
		{5B8B82A6-6B16-49E4-914C-A402AE19C370}.Release|Any CPU.ActiveCfg = Release|Any CPU
		{5B8B82A6-6B16-49E4-914C-A402AE19C370}.Release|Any CPU.Build.0 = Release|Any CPU
	EndGlobalSection
	GlobalSection(SolutionProperties) = preSolution
		HideSolutionNode = FALSE
	EndGlobalSection
	GlobalSection(ExtensibilityGlobals) = postSolution
		SolutionGuid = {E663C18A-ACD3-4606-9E61-A0A08EAD437E}
	EndGlobalSection
EndGlobal
